{
  "version": "5",
  "redirects": {
    "https://esm.sh/@supabase/functions-js@^2.0.0?target=denonext": "https://esm.sh/@supabase/functions-js@2.87.1?target=denonext",
    "https://esm.sh/@supabase/gotrue-js@^2.10.2?target=denonext": "https://esm.sh/@supabase/gotrue-js@2.87.1?target=denonext",
    "https://esm.sh/@supabase/node-fetch@^2.6.14?target=denonext": "https://esm.sh/@supabase/node-fetch@2.6.15?target=denonext",
    "https://esm.sh/@supabase/postgrest-js@^1.1.1?target=denonext": "https://esm.sh/@supabase/postgrest-js@1.21.4?target=denonext",
    "https://esm.sh/@supabase/realtime-js@^2.4.0?target=denonext": "https://esm.sh/@supabase/realtime-js@2.87.1?target=denonext",
    "https://esm.sh/@supabase/storage-js@^2.1.0?target=denonext": "https://esm.sh/@supabase/storage-js@2.87.1?target=denonext",
    "https://esm.sh/iceberg-js@^0.8.1?target=denonext": "https://esm.sh/iceberg-js@0.8.1?target=denonext",
    "https://esm.sh/tr46@~0.0.3?target=denonext": "https://esm.sh/tr46@0.0.3?target=denonext",
    "https://esm.sh/webidl-conversions@^3.0.0?target=denonext": "https://esm.sh/webidl-conversions@3.0.1?target=denonext",
    "https://esm.sh/whatwg-url@^5.0.0?target=denonext": "https://esm.sh/whatwg-url@5.0.0?target=denonext"
  },
  "remote": {
    "https://esm.sh/@supabase/functions-js@2.87.1/denonext/functions-js.mjs": "cefdfdefe3d6a8aaa6268f1109a73d5fb431015e8f604a4d73bd554dba6e1c1e",
    "https://esm.sh/@supabase/functions-js@2.87.1?target=denonext": "87e62fe54323d718262f1f101ea146c43734994955764014622bee682f502bee",
    "https://esm.sh/@supabase/gotrue-js@2.87.1/denonext/gotrue-js.mjs": "edcf9e3f2f96640c293cfe581d15137d99fa3a4c1eebbc40bd795314aa98ce85",
    "https://esm.sh/@supabase/gotrue-js@2.87.1?target=denonext": "93bf5e92d5d41a27781ab98bd77dc6145de407dec258b176d20eee9fe7ef6fe3",
    "https://esm.sh/@supabase/node-fetch@2.6.15/denonext/node-fetch.mjs": "0bae9052231f4f6dbccc7234d05ea96923dbf967be12f402764580b6bf9f713d",
    "https://esm.sh/@supabase/node-fetch@2.6.15?target=denonext": "4d28c4ad97328403184353f68434f2b6973971507919e9150297413664919cf3",
    "https://esm.sh/@supabase/postgrest-js@1.21.4/denonext/postgrest-js.mjs": "c3769b11ef02debc78ecf6ab4e152d3cf7dbd05bbbafeb72c160e76cc57cda3c",
    "https://esm.sh/@supabase/postgrest-js@1.21.4?target=denonext": "db2315bc0ff19690cd4239c5adb5f5787f5dea04955058ef1fca541d49555ed6",
    "https://esm.sh/@supabase/realtime-js@2.87.1/denonext/realtime-js.mjs": "e6815bdb6aff1fdbabfc9d264f026112c58d51571daf1e1529c76e0e26b53970",
    "https://esm.sh/@supabase/realtime-js@2.87.1?target=denonext": "cfaad36ada3af910b987fa194a792165e75f36f0423e42ae9b9ef3bb23d59be2",
    "https://esm.sh/@supabase/storage-js@2.87.1/denonext/storage-js.mjs": "8468ef6bef2daf31940837decd8bdde9f5b1e35eec66dd9af3a409562a556088",
    "https://esm.sh/@supabase/storage-js@2.87.1?target=denonext": "cceecc8ea5a36b3e17a629f4a7a4bb165c8980aefce524d082cf10c6d8092682",
    "https://esm.sh/@supabase/supabase-js@2.7.1": "be4ce96f1e7e5c9fc4b2b77a7feb75ac03796dd2c6988e99b229c0cefc28309b",
    "https://esm.sh/@supabase/supabase-js@2.7.1/denonext/supabase-js.mjs": "3339ff35cdcd52e7aa78a27067b632de460cb17a7e1853d8380544ba1548d04b",
    "https://esm.sh/iceberg-js@0.8.1/denonext/iceberg-js.mjs": "d839d81a2e3966500ca2cdd0c1cb458e9608bacfc91f7bb67a69b2e878dcdb4f",
    "https://esm.sh/iceberg-js@0.8.1?target=denonext": "58c849d7fe2bf4eca4a84eb501e83c161a7d8c34ca1bec15a962b3bec3062633",
    "https://esm.sh/tr46@0.0.3/denonext/tr46.mjs": "5753ec0a99414f4055f0c1f97691100f13d88e48a8443b00aebb90a512785fa2",
    "https://esm.sh/tr46@0.0.3?target=denonext": "19cb9be0f0d418a0c3abb81f2df31f080e9540a04e43b0f699bce1149cba0cbb",
    "https://esm.sh/tslib@2.8.1/denonext/tslib.mjs": "ebce3cd5facb654623020337f867b426ba95f71596ba87acc9e6c6f4e55905ca",
    "https://esm.sh/webidl-conversions@3.0.1/denonext/webidl-conversions.mjs": "54b5c2d50a294853c4ccebf9d5ed8988c94f4e24e463d84ec859a866ea5fafec",
    "https://esm.sh/webidl-conversions@3.0.1?target=denonext": "4e20318d50528084616c79d7b3f6e7f0fe7b6d09013bd01b3974d7448d767e29",
    "https://esm.sh/whatwg-url@5.0.0/denonext/whatwg-url.mjs": "29b16d74ee72624c915745bbd25b617cfd2248c6af0f5120d131e232a9a9af79",
    "https://esm.sh/whatwg-url@5.0.0?target=denonext": "f001a2cadf81312d214ca330033f474e74d81a003e21e8c5d70a1f46dc97b02d"
  },
  "workspace": {
    "packageJson": {
      "dependencies": [
        "npm:@eslint/js@^9.9.0",
        "npm:@hookform/resolvers@^3.9.0",
        "npm:@radix-ui/react-accordion@^1.2.0",
        "npm:@radix-ui/react-alert-dialog@^1.1.1",
        "npm:@radix-ui/react-aspect-ratio@^1.1.0",
        "npm:@radix-ui/react-avatar@^1.1.0",
        "npm:@radix-ui/react-checkbox@^1.1.1",
        "npm:@radix-ui/react-collapsible@^1.1.0",
        "npm:@radix-ui/react-context-menu@^2.2.1",
        "npm:@radix-ui/react-dialog@^1.1.2",
        "npm:@radix-ui/react-dropdown-menu@^2.1.1",
        "npm:@radix-ui/react-hover-card@^1.1.1",
        "npm:@radix-ui/react-label@^2.1.0",
        "npm:@radix-ui/react-menubar@^1.1.1",
        "npm:@radix-ui/react-navigation-menu@^1.2.0",
        "npm:@radix-ui/react-popover@^1.1.1",
        "npm:@radix-ui/react-progress@^1.1.0",
        "npm:@radix-ui/react-radio-group@^1.2.0",
        "npm:@radix-ui/react-scroll-area@^1.1.0",
        "npm:@radix-ui/react-select@^2.1.1",
        "npm:@radix-ui/react-separator@^1.1.0",
        "npm:@radix-ui/react-slider@^1.2.0",
        "npm:@radix-ui/react-slot@^1.2.3",
        "npm:@radix-ui/react-switch@^1.1.0",
        "npm:@radix-ui/react-tabs@^1.1.0",
        "npm:@radix-ui/react-toast@^1.2.1",
        "npm:@radix-ui/react-toggle-group@^1.1.0",
        "npm:@radix-ui/react-toggle@^1.1.0",
        "npm:@radix-ui/react-tooltip@^1.1.4",
        "npm:@supabase/supabase-js@^2.58.0",
        "npm:@tailwindcss/typography@~0.5.15",
        "npm:@tanstack/react-query@^5.56.2",
        "npm:@tanstack/react-virtual@^3.13.12",
        "npm:@types/cheerio@1",
        "npm:@types/lodash@^4.17.20",
        "npm:@types/mercadopago@^1.5.11",
        "npm:@types/micro@10",
        "npm:@types/node@^22.18.6",
        "npm:@types/react-datepicker@7",
        "npm:@types/react-dom@^18.3.0",
        "npm:@types/react@^18.3.3",
        "npm:@types/tough-cookie@^4.0.5",
        "npm:@types/uuid@11",
        "npm:@vitejs/plugin-react-swc@^3.5.0",
        "npm:autoprefixer@^10.4.20",
        "npm:axios-cookiejar-support@^6.0.5",
        "npm:axios@^1.12.2-s",
        "npm:cheerio@^1.1.2",
        "npm:class-variance-authority@~0.7.1",
        "npm:clsx@^2.1.1",
        "npm:cmdk@1",
        "npm:cors@^2.8.5",
        "npm:date-fns-tz@^3.2.0",
        "npm:date-fns@^4.1.0",
        "npm:dotenv@^17.2.3",
        "npm:embla-carousel-react@^8.3.0",
        "npm:eslint-plugin-react-hooks@^5.1.0-rc.0",
        "npm:eslint-plugin-react-refresh@~0.4.9",
        "npm:eslint@^9.9.0",
        "npm:express@^5.1.0",
        "npm:framer-motion@^12.23.12",
        "npm:globals@^15.9.0",
        "npm:input-otp@^1.2.4",
        "npm:lucide-react@0.462",
        "npm:mercadopago@^2.10.0",
        "npm:micro@^10.0.1",
        "npm:node-cron@^4.2.1",
        "npm:node-fetch@^3.3.2",
        "npm:postcss@^8.4.47",
        "npm:react-day-picker@^9.11.3",
        "npm:react-dom@^18.3.1",
        "npm:react-dropzone@^14.3.8",
        "npm:react-ga4@^2.1.0",
        "npm:react-helmet-async@^2.0.5",
        "npm:react-hook-form@^7.53.0",
        "npm:react-intersection-observer@^9.16.0",
        "npm:react-resizable-panels@^2.1.3",
        "npm:react-router-dom@^6.26.2",
        "npm:react-virtualized-auto-sizer@^1.0.26",
        "npm:react-window@^2.2.3",
        "npm:react@^18.3.1",
        "npm:recharts@^2.12.7",
        "npm:resend@^6.0.3",
        "npm:sonner@^1.5.0",
        "npm:swiper@^12.0.2",
        "npm:tailwind-merge@^2.5.2",
        "npm:tailwindcss-animate@^1.0.7",
        "npm:tailwindcss@^3.4.11",
        "npm:terser@^5.44.0",
        "npm:tough-cookie@6",
        "npm:ts-node@^10.9.2",
        "npm:typescript-eslint@^8.0.1",
        "npm:typescript@^5.9.2",
        "npm:vaul@~0.9.3",
        "npm:vite@^5.4.1",
        "npm:zod@^3.25.76"
      ]
    }
  }
}
